{
  "name": "JukeTubeApp",
  "version": "1.0.0",
  "lockfileVersion": 1,
  "dependencies": {
    "angular": {
      "version": "1.6.4",
      "resolved": "https://registry.npmjs.org/angular/-/angular-1.6.4.tgz",
      "integrity": "sha1-A7exXAGggC1+LPWTJA5gQFTcd/s="
    },
    "angular-animate": {
      "version": "1.6.4",
      "resolved": "https://registry.npmjs.org/angular-animate/-/angular-animate-1.6.4.tgz",
      "integrity": "sha1-0+uQbTmDTy373Zgua416O02QAdI="
    },
    "angular-aria": {
      "version": "1.6.4",
      "resolved": "https://registry.npmjs.org/angular-aria/-/angular-aria-1.6.4.tgz",
      "integrity": "sha1-yGg2ZqzhlmaPaOciCBG9z8nhBuQ="
    },
    "angular-cookies": {
      "version": "1.6.4",
      "resolved": "https://registry.npmjs.org/angular-cookies/-/angular-cookies-1.6.4.tgz",
      "integrity": "sha1-wo8/aqx6mCbB5F8daAckADblsm0="
    },
    "angular-local-storage": {
      "version": "0.6.0",
      "resolved": "https://registry.npmjs.org/angular-local-storage/-/angular-local-storage-0.6.0.tgz",
      "integrity": "sha1-TbqXcv73UgcN5ak+ICvohrKZxoY="
    },
    "angular-material": {
      "version": "1.1.4",
      "resolved": "https://registry.npmjs.org/angular-material/-/angular-material-1.1.4.tgz",
      "integrity": "sha1-J941ZG9UzNMgCArwxwjhtDivh/Y="
    },
    "angular-utils-pagination": {
      "version": "0.11.1",
      "resolved": "https://registry.npmjs.org/angular-utils-pagination/-/angular-utils-pagination-0.11.1.tgz",
      "integrity": "sha1-7618iHm+swrT13cH+T49DvUfLGY="
    },
    "rangy": {
      "version": "1.3.0",
      "resolved": "https://registry.npmjs.org/rangy/-/rangy-1.3.0.tgz",
      "integrity": "sha1-t8mnCuoF5djNx0qNTIJz1pcnGQQ="
    },
    "textangular": {
      "version": "1.5.16",
      "resolved": "https://registry.npmjs.org/textangular/-/textangular-1.5.16.tgz",
      "integrity": "sha1-xDGc6tXaE1SJbWC+FX6pi2jZuTY="
    }
  }
}
